
Microsoft Visual Studio Solution File, Format Version 12.00
# Visual Studio 14
VisualStudioVersion = 14.0.25420.1
MinimumVisualStudioVersion = 10.0.40219.1
Project("{FAE04EC0-301F-11D3-BF4B-00C04F79EFBC}") = "FinanceHelper", "FinanceHelper\FinanceHelper.csproj", "{B04265E8-53BD-42EF-A391-3FF46CD208FE}"
EndProject
Project("{FAE04EC0-301F-11D3-BF4B-00C04F79EFBC}") = "FinanceHelper.Tests", "FinanceHelper.Tests\FinanceHelper.Tests.csproj", "{3CB0435D-3F18-4CC1-AA55-4558090FF551}"
EndProject
Global
	GlobalSection(SolutionConfigurationPlatforms) = preSolution
		Debug|Any CPU = Debug|Any CPU
		Release|Any CPU = Release|Any CPU
	EndGlobalSection
	GlobalSection(ProjectConfigurationPlatforms) = postSolution
		{B04265E8-53BD-42EF-A391-3FF46CD208FE}.Debug|Any CPU.ActiveCfg = Debug|Any CPU
		{B04265E8-53BD-42EF-A391-3FF46CD208FE}.Debug|Any CPU.Build.0 = Debug|Any CPU
		{B04265E8-53BD-42EF-A391-3FF46CD208FE}.Release|Any CPU.ActiveCfg = Release|Any CPU
		{B04265E8-53BD-42EF-A391-3FF46CD208FE}.Release|Any CPU.Build.0 = Release|Any CPU
		{3CB0435D-3F18-4CC1-AA55-4558090FF551}.Debug|Any CPU.ActiveCfg = Debug|Any CPU
		{3CB0435D-3F18-4CC1-AA55-4558090FF551}.Debug|Any CPU.Build.0 = Debug|Any CPU
		{3CB0435D-3F18-4CC1-AA55-4558090FF551}.Release|Any CPU.ActiveCfg = Release|Any CPU
		{3CB0435D-3F18-4CC1-AA55-4558090FF551}.Release|Any CPU.Build.0 = Release|Any CPU
	EndGlobalSection
	GlobalSection(SolutionProperties) = preSolution
		HideSolutionNode = FALSE
	EndGlobalSection
EndGlobal
